// !$*UTF8*$!
{
	archiveVersion = 1;
	classes = {
	};
	objectVersion = 46;
	objects = {

/* Begin PBXBuildFile section */
		EB6F43F51771305700E587F9 /* Foundation.framework in Frameworks */ = {isa = PBXBuildFile; fileRef = EB6F43F41771305700E587F9 /* Foundation.framework */; };
		EB6F43F71771305700E587F9 /* CoreGraphics.framework in Frameworks */ = {isa = PBXBuildFile; fileRef = EB6F43F61771305700E587F9 /* CoreGraphics.framework */; };
		EB6F43F91771305700E587F9 /* UIKit.framework in Frameworks */ = {isa = PBXBuildFile; fileRef = EB6F43F81771305700E587F9 /* UIKit.framework */; };
		EB6F43FF1771305700E587F9 /* InfoPlist.strings in Resources */ = {isa = PBXBuildFile; fileRef = EB6F43FD1771305700E587F9 /* InfoPlist.strings */; };
		EB6F44011771305700E587F9 /* main.m in Sources */ = {isa = PBXBuildFile; fileRef = EB6F44001771305700E587F9 /* main.m */; };
		EB6F44051771305700E587F9 /* AppDelegate.m in Sources */ = {isa = PBXBuildFile; fileRef = EB6F44041771305700E587F9 /* AppDelegate.m */; };
		EB6F44071771305700E587F9 /* Images.xcassets in Resources */ = {isa = PBXBuildFile; fileRef = EB6F44061771305700E587F9 /* Images.xcassets */; };
		EB6F440E1771305700E587F9 /* XCTest.framework in Frameworks */ = {isa = PBXBuildFile; fileRef = EB6F440D1771305700E587F9 /* XCTest.framework */; };
		EB6F440F1771305700E587F9 /* Foundation.framework in Frameworks */ = {isa = PBXBuildFile; fileRef = EB6F43F41771305700E587F9 /* Foundation.framework */; };
		EB6F44101771305700E587F9 /* UIKit.framework in Frameworks */ = {isa = PBXBuildFile; fileRef = EB6F43F81771305700E587F9 /* UIKit.framework */; };
		EB6F44181771305700E587F9 /* InfoPlist.strings in Resources */ = {isa = PBXBuildFile; fileRef = EB6F44161771305700E587F9 /* InfoPlist.strings */; };
		EB6F441A1771305700E587F9 /* CameraControlTests.m in Sources */ = {isa = PBXBuildFile; fileRef = EB6F44191771305700E587F9 /* CameraControlTests.m */; };
/* End PBXBuildFile section */

/* Begin PBXContainerItemProxy section */
		EB6F44111771305700E587F9 /* PBXContainerItemProxy */ = {
			isa = PBXContainerItemProxy;
			containerPortal = EB6F43E91771305700E587F9 /* Project object */;
			proxyType = 1;
			remoteGlobalIDString = EB6F43F01771305700E587F9;
			remoteInfo = CameraControl;
		};
/* End PBXContainerItemProxy section */

/* Begin PBXFileReference section */
		EB6F43F11771305700E587F9 /* CameraControl.app */ = {isa = PBXFileReference; explicitFileType = wrapper.application; includeInIndex = 0; path = CameraControl.app; sourceTree = BUILT_PRODUCTS_DIR; };
		EB6F43F41771305700E587F9 /* Foundation.framework */ = {isa = PBXFileReference; lastKnownFileType = wrapper.framework; name = Foundation.framework; path = System/Library/Frameworks/Foundation.framework; sourceTree = SDKROOT; };
		EB6F43F61771305700E587F9 /* CoreGraphics.framework */ = {isa = PBXFileReference; lastKnownFileType = wrapper.framework; name = CoreGraphics.framework; path = System/Library/Frameworks/CoreGraphics.framework; sourceTree = SDKROOT; };
		EB6F43F81771305700E587F9 /* UIKit.framework */ = {isa = PBXFileReference; lastKnownFileType = wrapper.framework; name = UIKit.framework; path = System/Library/Frameworks/UIKit.framework; sourceTree = SDKROOT; };
		EB6F43FC1771305700E587F9 /* CameraControl-Info.plist */ = {isa = PBXFileReference; lastKnownFileType = text.plist.xml; path = "CameraControl-Info.plist"; sourceTree = "<group>"; };
		EB6F43FE1771305700E587F9 /* en */ = {isa = PBXFileReference; lastKnownFileType = text.plist.strings; name = en; path = en.lproj/InfoPlist.strings; sourceTree = "<group>"; };
		EB6F44001771305700E587F9 /* main.m */ = {isa = PBXFileReference; lastKnownFileType = sourcecode.c.objc; path = main.m; sourceTree = "<group>"; };
		EB6F44021771305700E587F9 /* CameraControl-Prefix.pch */ = {isa = PBXFileReference; lastKnownFileType = sourcecode.c.h; path = "CameraControl-Prefix.pch"; sourceTree = "<group>"; };
		EB6F44031771305700E587F9 /* AppDelegate.h */ = {isa = PBXFileReference; lastKnownFileType = sourcecode.c.h; path = AppDelegate.h; sourceTree = "<group>"; };
		EB6F44041771305700E587F9 /* AppDelegate.m */ = {isa = PBXFileReference; lastKnownFileType = sourcecode.c.objc; path = AppDelegate.m; sourceTree = "<group>"; };
		EB6F44061771305700E587F9 /* Images.xcassets */ = {isa = PBXFileReference; lastKnownFileType = folder.assetcatalog; path = Images.xcassets; sourceTree = "<group>"; };
		EB6F440C1771305700E587F9 /* CameraControlTests.xctest */ = {isa = PBXFileReference; explicitFileType = wrapper.cfbundle; includeInIndex = 0; path = CameraControlTests.xctest; sourceTree = BUILT_PRODUCTS_DIR; };
		EB6F440D1771305700E587F9 /* XCTest.framework */ = {isa = PBXFileReference; lastKnownFileType = wrapper.framework; name = XCTest.framework; path = Library/Frameworks/XCTest.framework; sourceTree = DEVELOPER_DIR; };
		EB6F44151771305700E587F9 /* CameraControlTests-Info.plist */ = {isa = PBXFileReference; lastKnownFileType = text.plist.xml; path = "CameraControlTests-Info.plist"; sourceTree = "<group>"; };
		EB6F44171771305700E587F9 /* en */ = {isa = PBXFileReference; lastKnownFileType = text.plist.strings; name = en; path = en.lproj/InfoPlist.strings; sourceTree = "<group>"; };
		EB6F44191771305700E587F9 /* CameraControlTests.m */ = {isa = PBXFileReference; lastKnownFileType = sourcecode.c.objc; path = CameraControlTests.m; sourceTree = "<group>"; };
/* End PBXFileReference section */

/* Begin PBXFrameworksBuildPhase section */
		EB6F43EE1771305700E587F9 /* Frameworks */ = {
			isa = PBXFrameworksBuildPhase;
			buildActionMask = 2147483647;
			files = (
				EB6F43F71771305700E587F9 /* CoreGraphics.framework in Frameworks */,
				EB6F43F91771305700E587F9 /* UIKit.framework in Frameworks */,
				EB6F43F51771305700E587F9 /* Foundation.framework in Frameworks */,
			);
			runOnlyForDeploymentPostprocessing = 0;
		};
		EB6F44091771305700E587F9 /* Frameworks */ = {
			isa = PBXFrameworksBuildPhase;
			buildActionMask = 2147483647;
			files = (
				EB6F440E1771305700E587F9 /* XCTest.framework in Frameworks */,
				EB6F44101771305700E587F9 /* UIKit.framework in Frameworks */,
				EB6F440F1771305700E587F9 /* Foundation.framework in Frameworks */,
			);
			runOnlyForDeploymentPostprocessing = 0;
		};
/* End PBXFrameworksBuildPhase section */

/* Begin PBXGroup section */
		EB6F43E81771305700E587F9 = {
			isa = PBXGroup;
			children = (
				EB6F43FA1771305700E587F9 /* CameraControl */,
				EB6F44131771305700E587F9 /* CameraControlTests */,
				EB6F43F31771305700E587F9 /* Frameworks */,
				EB6F43F21771305700E587F9 /* Products */,
			);
			sourceTree = "<group>";
		};
		EB6F43F21771305700E587F9 /* Products */ = {
			isa = PBXGroup;
			children = (
				EB6F43F11771305700E587F9 /* CameraControl.app */,
				EB6F440C1771305700E587F9 /* CameraControlTests.xctest */,
			);
			name = Products;
			sourceTree = "<group>";
		};
		EB6F43F31771305700E587F9 /* Frameworks */ = {
			isa = PBXGroup;
			children = (
				EB6F43F41771305700E587F9 /* Foundation.framework */,
				EB6F43F61771305700E587F9 /* CoreGraphics.framework */,
				EB6F43F81771305700E587F9 /* UIKit.framework */,
				EB6F440D1771305700E587F9 /* XCTest.framework */,
			);
			name = Frameworks;
			sourceTree = "<group>";
		};
		EB6F43FA1771305700E587F9 /* CameraControl */ = {
			isa = PBXGroup;
			children = (
				EB6F44031771305700E587F9 /* AppDelegate.h */,
				EB6F44041771305700E587F9 /* AppDelegate.m */,
				EB6F44061771305700E587F9 /* Images.xcassets */,
				EB6F43FB1771305700E587F9 /* Supporting Files */,
			);
			path = CameraControl;
			sourceTree = "<group>";
		};
		EB6F43FB1771305700E587F9 /* Supporting Files */ = {
			isa = PBXGroup;
			children = (
				EB6F43FC1771305700E587F9 /* CameraControl-Info.plist */,
				EB6F43FD1771305700E587F9 /* InfoPlist.strings */,
				EB6F44001771305700E587F9 /* main.m */,
				EB6F44021771305700E587F9 /* CameraControl-Prefix.pch */,
			);
			name = "Supporting Files";
			sourceTree = "<group>";
		};
		EB6F44131771305700E587F9 /* CameraControlTests */ = {
			isa = PBXGroup;
			children = (
				EB6F44191771305700E587F9 /* CameraControlTests.m */,
				EB6F44141771305700E587F9 /* Supporting Files */,
			);
			path = CameraControlTests;
			sourceTree = "<group>";
		};
		EB6F44141771305700E587F9 /* Supporting Files */ = {
			isa = PBXGroup;
			children = (
				EB6F44151771305700E587F9 /* CameraControlTests-Info.plist */,
				EB6F44161771305700E587F9 /* InfoPlist.strings */,
			);
			name = "Supporting Files";
			sourceTree = "<group>";
		};
/* End PBXGroup section */

/* Begin PBXNativeTarget section */
		EB6F43F01771305700E587F9 /* CameraControl */ = {
			isa = PBXNativeTarget;
			buildConfigurationList = EB6F441D1771305700E587F9 /* Build configuration list for PBXNativeTarget "CameraControl" */;
			buildPhases = (
				EB6F43ED1771305700E587F9 /* Sources */,
				EB6F43EE1771305700E587F9 /* Frameworks */,
				EB6F43EF1771305700E587F9 /* Resources */,
			);
			buildRules = (
			);
			dependencies = (
			);
			name = CameraControl;
			productName = CameraControl;
			productReference = EB6F43F11771305700E587F9 /* CameraControl.app */;
			productType = "com.apple.product-type.application";
		};
		EB6F440B1771305700E587F9 /* CameraControlTests */ = {
			isa = PBXNativeTarget;
			buildConfigurationList = EB6F44201771305700E587F9 /* Build configuration list for PBXNativeTarget "CameraControlTests" */;
			buildPhases = (
				EB6F44081771305700E587F9 /* Sources */,
				EB6F44091771305700E587F9 /* Frameworks */,
				EB6F440A1771305700E587F9 /* Resources */,
			);
			buildRules = (
			);
			dependencies = (
				EB6F44121771305700E587F9 /* PBXTargetDependency */,
			);
			name = CameraControlTests;
			productName = CameraControlTests;
			productReference = EB6F440C1771305700E587F9 /* CameraControlTests.xctest */;
			productType = "com.apple.product-type.bundle.unit-test";
		};
/* End PBXNativeTarget section */

/* Begin PBXProject section */
		EB6F43E91771305700E587F9 /* Project object */ = {
			isa = PBXProject;
			attributes = {
				LastUpgradeCheck = 0500;
				ORGANIZATIONNAME = bwasti;
				TargetAttributes = {
					EB6F440B1771305700E587F9 = {
						TestTargetID = EB6F43F01771305700E587F9;
					};
				};
			};
			buildConfigurationList = EB6F43EC1771305700E587F9 /* Build configuration list for PBXProject "CameraControl" */;
			compatibilityVersion = "Xcode 3.2";
			developmentRegion = English;
			hasScannedForEncodings = 0;
			knownRegions = (
				en,
			);
			mainGroup = EB6F43E81771305700E587F9;
			productRefGroup = EB6F43F21771305700E587F9 /* Products */;
			projectDirPath = "";
			projectRoot = "";
			targets = (
				EB6F43F01771305700E587F9 /* CameraControl */,
				EB6F440B1771305700E587F9 /* CameraControlTests */,
			);
		};
/* End PBXProject section */

/* Begin PBXResourcesBuildPhase section */
		EB6F43EF1771305700E587F9 /* Resources */ = {
			isa = PBXResourcesBuildPhase;
			buildActionMask = 2147483647;
			files = (
				EB6F43FF1771305700E587F9 /* InfoPlist.strings in Resources */,
				EB6F44071771305700E587F9 /* Images.xcassets in Resources */,
			);
			runOnlyForDeploymentPostprocessing = 0;
		};
		EB6F440A1771305700E587F9 /* Resources */ = {
			isa = PBXResourcesBuildPhase;
			buildActionMask = 2147483647;
			files = (
				EB6F44181771305700E587F9 /* InfoPlist.strings in Resources */,
			);
			runOnlyForDeploymentPostprocessing = 0;
		};
/* End PBXResourcesBuildPhase section */

/* Begin PBXSourcesBuildPhase section */
		EB6F43ED1771305700E587F9 /* Sources */ = {
			isa = PBXSourcesBuildPhase;
			buildActionMask = 2147483647;
			files = (
				EB6F44051771305700E587F9 /* AppDelegate.m in Sources */,
				EB6F44011771305700E587F9 /* main.m in Sources */,
			);
			runOnlyForDeploymentPostprocessing = 0;
		};
		EB6F44081771305700E587F9 /* Sources */ = {
			isa = PBXSourcesBuildPhase;
			buildActionMask = 2147483647;
			files = (
				EB6F441A1771305700E587F9 /* CameraControlTests.m in Sources */,
			);
			runOnlyForDeploymentPostprocessing = 0;
		};
/* End PBXSourcesBuildPhase section */

/* Begin PBXTargetDependency section */
		EB6F44121771305700E587F9 /* PBXTargetDependency */ = {
			isa = PBXTargetDependency;
			target = EB6F43F01771305700E587F9 /* CameraControl */;
			targetProxy = EB6F44111771305700E587F9 /* PBXContainerItemProxy */;
		};
/* End PBXTargetDependency section */

/* Begin PBXVariantGroup section */
		EB6F43FD1771305700E587F9 /* InfoPlist.strings */ = {
			isa = PBXVariantGroup;
			children = (
				EB6F43FE1771305700E587F9 /* en */,
			);
			name = InfoPlist.strings;
			sourceTree = "<group>";
		};
		EB6F44161771305700E587F9 /* InfoPlist.strings */ = {
			isa = PBXVariantGroup;
			children = (
				EB6F44171771305700E587F9 /* en */,
			);
			name = InfoPlist.strings;
			sourceTree = "<group>";
		};
/* End PBXVariantGroup section */

/* Begin XCBuildConfiguration section */
		EB6F441B1771305700E587F9 /* Debug */ = {
			isa = XCBuildConfiguration;
			buildSettings = {
				ALWAYS_SEARCH_USER_PATHS = NO;
				CLANG_CXX_LANGUAGE_STANDARD = "gnu++0x";
				CLANG_CXX_LIBRARY = "libc++";
				CLANG_ENABLE_MODULES = YES;
				CLANG_ENABLE_OBJC_ARC = YES;
				CLANG_WARN_BOOL_CONVERSION = YES;
				CLANG_WARN_CONSTANT_CONVERSION = YES;
				CLANG_WARN_DIRECT_OBJC_ISA_USAGE = YES_ERROR;
				CLANG_WARN_EMPTY_BODY = YES;
				CLANG_WARN_ENUM_CONVERSION = YES;
				CLANG_WARN_INT_CONVERSION = YES;
				CLANG_WARN_OBJC_ROOT_CLASS = YES_ERROR;
				CLANG_WARN__DUPLICATE_METHOD_MATCH = YES;
				"CODE_SIGN_IDENTITY[sdk=iphoneos*]" = "iPhone Developer";
				COPY_PHASE_STRIP = NO;
				GCC_C_LANGUAGE_STANDARD = gnu99;
				GCC_DYNAMIC_NO_PIC = NO;
				GCC_OPTIMIZATION_LEVEL = 0;
				GCC_PREPROCESSOR_DEFINITIONS = (
					"DEBUG=1",
					"$(inherited)",
				);
				GCC_SYMBOLS_PRIVATE_EXTERN = NO;
				GCC_WARN_ABOUT_RETURN_TYPE = YES_ERROR;
				GCC_WARN_UNDECLARED_SELECTOR = YES;
				GCC_WARN_UNINITIALIZED_AUTOS = YES;
				GCC_WARN_UNUSED_FUNCTION = YES;
				GCC_WARN_UNUSED_VARIABLE = YES;
				IPHONEOS_DEPLOYMENT_TARGET = 7.0;
				ONLY_ACTIVE_ARCH = YES;
				SDKROOT = iphoneos;
				TARGETED_DEVICE_FAMILY = "1,2";
			};
			name = Debug;
		};
		EB6F441C1771305700E587F9 /* Release */ = {
			isa = XCBuildConfiguration;
			buildSettings = {
				ALWAYS_SEARCH_USER_PATHS = NO;
				CLANG_CXX_LANGUAGE_STANDARD = "gnu++0x";
				CLANG_CXX_LIBRARY = "libc++";
				CLANG_ENABLE_MODULES = YES;
				CLANG_ENABLE_OBJC_ARC = YES;
				CLANG_WARN_BOOL_CONVERSION = YES;
				CLANG_WARN_CONSTANT_CONVERSION = YES;
				CLANG_WARN_DIRECT_OBJC_ISA_USAGE = YES_ERROR;
				CLANG_WARN_EMPTY_BODY = YES;
				CLANG_WARN_ENUM_CONVERSION = YES;
				CLANG_WARN_INT_CONVERSION = YES;
				CLANG_WARN_OBJC_ROOT_CLASS = YES_ERROR;
				CLANG_WARN__DUPLICATE_METHOD_MATCH = YES;
				"CODE_SIGN_IDENTITY[sdk=iphoneos*]" = "iPhone Developer";
				COPY_PHASE_STRIP = YES;
				ENABLE_NS_ASSERTIONS = NO;
				GCC_C_LANGUAGE_STANDARD = gnu99;
				GCC_WARN_ABOUT_RETURN_TYPE = YES_ERROR;
				GCC_WARN_UNDECLARED_SELECTOR = YES;
				GCC_WARN_UNINITIALIZED_AUTOS = YES;
				GCC_WARN_UNUSED_FUNCTION = YES;
				GCC_WARN_UNUSED_VARIABLE = YES;
				IPHONEOS_DEPLOYMENT_TARGET = 7.0;
				SDKROOT = iphoneos;
				TARGETED_DEVICE_FAMILY = "1,2";
				VALIDATE_PRODUCT = YES;
			};
			name = Release;
		};
		EB6F441E1771305700E587F9 /* Debug */ = {
			isa = XCBuildConfiguration;
			buildSettings = {
				ASSETCATALOG_COMPILER_APPICON_NAME = AppIcon;
				ASSETCATALOG_COMPILER_LAUNCHIMAGE_NAME = LaunchImage;
				GCC_PRECOMPILE_PREFIX_HEADER = YES;
				GCC_PREFIX_HEADER = "CameraControl/CameraControl-Prefix.pch";
				INFOPLIST_FILE = "CameraControl/CameraControl-Info.plist";
				PRODUCT_NAME = "$(TARGET_NAME)";
				WRAPPER_EXTENSION = app;
			};
			name = Debug;
		};
		EB6F441F1771305700E587F9 /* Release */ = {
			isa = XCBuildConfiguration;
			buildSettings = {
				ASSETCATALOG_COMPILER_APPICON_NAME = AppIcon;
				ASSETCATALOG_COMPILER_LAUNCHIMAGE_NAME = LaunchImage;
				GCC_PRECOMPILE_PREFIX_HEADER = YES;
				GCC_PREFIX_HEADER = "CameraControl/CameraControl-Prefix.pch";
				INFOPLIST_FILE = "CameraControl/CameraControl-Info.plist";
				PRODUCT_NAME = "$(TARGET_NAME)";
				WRAPPER_EXTENSION = app;
			};
			name = Release;
		};
		EB6F44211771305700E587F9 /* Debug */ = {
			isa = XCBuildConfiguration;
			buildSettings = {
				BUNDLE_LOADER = "$(BUILT_PRODUCTS_DIR)/CameraControl.app/CameraControl";
				FRAMEWORK_SEARCH_PATHS = (
					"$(SDKROOT)/Developer/Library/Frameworks",
					"$(inherited)",
					"$(SYSTEM_APPS_DIR)/Xcode5-DP.app/Contents/Developer/Library/Frameworks",
				);
				GCC_PRECOMPILE_PREFIX_HEADER = YES;
				GCC_PREFIX_HEADER = "CameraControl/CameraControl-Prefix.pch";
				GCC_PREPROCESSOR_DEFINITIONS = (
					"DEBUG=1",
					"$(inherited)",
				);
				INFOPLIST_FILE = "CameraControlTests/CameraControlTests-Info.plist";
				PRODUCT_NAME = "$(TARGET_NAME)";
				TEST_HOST = "$(BUNDLE_LOADER)";
				WRAPPER_EXTENSION = xctest;
			};
			name = Debug;
		};
		EB6F44221771305700E587F9 /* Release */ = {
			isa = XCBuildConfiguration;
			buildSettings = {
				BUNDLE_LOADER = "$(BUILT_PRODUCTS_DIR)/CameraControl.app/CameraControl";
				FRAMEWORK_SEARCH_PATHS = (
					"$(SDKROOT)/Developer/Library/Frameworks",
					"$(inherited)",
					"$(SYSTEM_APPS_DIR)/Xcode5-DP.app/Contents/Developer/Library/Frameworks",
				);
				GCC_PRECOMPILE_PREFIX_HEADER = YES;
				GCC_PREFIX_HEADER = "CameraControl/CameraControl-Prefix.pch";
				INFOPLIST_FILE = "CameraControlTests/CameraControlTests-Info.plist";
				PRODUCT_NAME = "$(TARGET_NAME)";
				TEST_HOST = "$(BUNDLE_LOADER)";
				WRAPPER_EXTENSION = xctest;
			};
			name = Release;
		};
/* End XCBuildConfiguration section */

/* Begin XCConfigurationList section */
		EB6F43EC1771305700E587F9 /* Build configuration list for PBXProject "CameraControl" */ = {
			isa = XCConfigurationList;
			buildConfigurations = (
				EB6F441B1771305700E587F9 /* Debug */,
				EB6F441C1771305700E587F9 /* Release */,
			);
			defaultConfigurationIsVisible = 0;
			defaultConfigurationName = Release;
		};
		EB6F441D1771305700E587F9 /* Build configuration list for PBXNativeTarget "CameraControl" */ = {
			isa = XCConfigurationList;
			buildConfigurations = (
				EB6F441E1771305700E587F9 /* Debug */,
				EB6F441F1771305700E587F9 /* Release */,
			);
			defaultConfigurationIsVisible = 0;
		};
		EB6F44201771305700E587F9 /* Build configuration list for PBXNativeTarget "CameraControlTests" */ = {
			isa = XCConfigurationList;
			buildConfigurations = (
				EB6F44211771305700E587F9 /* Debug */,
				EB6F44221771305700E587F9 /* Release */,
			);
			defaultConfigurationIsVisible = 0;
		};
/* End XCConfigurationList section */
	};
	rootObject = EB6F43E91771305700E587F9 /* Project object */;
}
